{
  "lockfileVersion": 1,
  "configVersion": 1,
  "workspaces": {
    "": {
      "name": "toolbox",
    },
    "packages/aws-creds": {
      "name": "@toolbox/aws-creds",
      "version": "1.0.0",
      "bin": {
        "aws-creds": "./aws-creds",
      },
      "dependencies": {
        "@aws-sdk/client-sts": "^3.700.0",
        "@aws-sdk/credential-providers": "^3.700.0",
        "@toolbox/common": "workspace:*",
        "ini": "^5.0.0",
      },
      "devDependencies": {
        "@types/ini": "^4.1.1",
        "bun-types": "latest",
      },
    },
    "packages/common": {
      "name": "@toolbox/common",
      "version": "1.0.0",
      "dependencies": {
        "@aws-sdk/client-sts": "^3.700.0",
        "@clack/prompts": "^0.11.0",
        "picocolors": "^1.1.1",
      },
      "devDependencies": {
        "bun-types": "latest",
      },
    },
    "packages/ec2-ssm": {
      "name": "@toolbox/ec2-ssm",
      "version": "1.0.0",
      "bin": {
        "ec2-ssm": "./ec2-ssm",
      },
      "dependencies": {
        "@aws-sdk/client-ec2": "^3.700.0",
        "@aws-sdk/client-ssm": "^3.700.0",
        "@toolbox/common": "workspace:*",
      },
      "devDependencies": {
        "bun-types": "latest",
      },
    },
    "packages/secrets-view": {
      "name": "@toolbox/secrets-view",
      "version": "1.0.0",
      "bin": {
        "secrets-view": "./secrets-view",
      },
      "dependencies": {
        "@aws-sdk/client-secrets-manager": "^3.700.0",
        "@toolbox/common": "workspace:*",
      },
      "devDependencies": {
        "bun-types": "latest",
      },
    },
  },
  "packages": {
    "@aws-crypto/sha256-browser": ["@aws-crypto/sha256-browser@5.2.0", "", { "dependencies": { "@aws-crypto/sha256-js": "^5.2.0", "@aws-crypto/supports-web-crypto": "^5.2.0", "@aws-crypto/util": "^5.2.0", "@aws-sdk/types": "^3.222.0", "@aws-sdk/util-locate-window": "^3.0.0", "@smithy/util-utf8": "^2.0.0", "tslib": "^2.6.2" } }, "sha512-AXfN/lGotSQwu6HNcEsIASo7kWXZ5HYWvfOmSNKDsEqC4OashTp8alTmaz+F7TC2L083SFv5RdB+qU3Vs1kZqw=="],

    "@aws-crypto/sha256-js": ["@aws-crypto/sha256-js@5.2.0", "", { "dependencies": { "@aws-crypto/util": "^5.2.0", "@aws-sdk/types": "^3.222.0", "tslib": "^2.6.2" } }, "sha512-FFQQyu7edu4ufvIZ+OadFpHHOt+eSTBaYaki44c+akjg7qZg9oOQeLlk77F6tSYqjDAFClrHJk9tMf0HdVyOvA=="],

    "@aws-crypto/supports-web-crypto": ["@aws-crypto/supports-web-crypto@5.2.0", "", { "dependencies": { "tslib": "^2.6.2" } }, "sha512-iAvUotm021kM33eCdNfwIN//F77/IADDSs58i+MDaOqFrVjZo9bAal0NK7HurRuWLLpF1iLX7gbWrjHjeo+YFg=="],

    "@aws-crypto/util": ["@aws-crypto/util@5.2.0", "", { "dependencies": { "@aws-sdk/types": "^3.222.0", "@smithy/util-utf8": "^2.0.0", "tslib": "^2.6.2" } }, "sha512-4RkU9EsI6ZpBve5fseQlGNUWKMa1RLPQ1dnjnQoe07ldfIzcsGb5hC5W0Dm7u423KWzawlrpbjXBrXCEv9zazQ=="],

    "@aws-sdk/client-cognito-identity": ["@aws-sdk/client-cognito-identity@3.956.0", "", { "dependencies": { "@aws-crypto/sha256-browser": "5.2.0", "@aws-crypto/sha256-js": "5.2.0", "@aws-sdk/core": "3.956.0", "@aws-sdk/credential-provider-node": "3.956.0", "@aws-sdk/middleware-host-header": "3.956.0", "@aws-sdk/middleware-logger": "3.956.0", "@aws-sdk/middleware-recursion-detection": "3.956.0", "@aws-sdk/middleware-user-agent": "3.956.0", "@aws-sdk/region-config-resolver": "3.956.0", "@aws-sdk/types": "3.956.0", "@aws-sdk/util-endpoints": "3.956.0", "@aws-sdk/util-user-agent-browser": "3.956.0", "@aws-sdk/util-user-agent-node": "3.956.0", "@smithy/config-resolver": "^4.4.5", "@smithy/core": "^3.20.0", "@smithy/fetch-http-handler": "^5.3.8", "@smithy/hash-node": "^4.2.7", "@smithy/invalid-dependency": "^4.2.7", "@smithy/middleware-content-length": "^4.2.7", "@smithy/middleware-endpoint": "^4.4.1", "@smithy/middleware-retry": "^4.4.17", "@smithy/middleware-serde": "^4.2.8", "@smithy/middleware-stack": "^4.2.7", "@smithy/node-config-provider": "^4.3.7", "@smithy/node-http-handler": "^4.4.7", "@smithy/protocol-http": "^5.3.7", "@smithy/smithy-client": "^4.10.2", "@smithy/types": "^4.11.0", "@smithy/url-parser": "^4.2.7", "@smithy/util-base64": "^4.3.0", "@smithy/util-body-length-browser": "^4.2.0", "@smithy/util-body-length-node": "^4.2.1", "@smithy/util-defaults-mode-browser": "^4.3.16", "@smithy/util-defaults-mode-node": "^4.2.19", "@smithy/util-endpoints": "^3.2.7", "@smithy/util-middleware": "^4.2.7", "@smithy/util-retry": "^4.2.7", "@smithy/util-utf8": "^4.2.0", "tslib": "^2.6.2" } }, "sha512-aFRUb4BY0iAACVFnLdreULiO5ox1jds5TovncPlUogN5TjVA04i+hmfShj9l5Ho1sFa1WKc35tngiRmpQIJSJg=="],

    "@aws-sdk/client-ec2": ["@aws-sdk/client-ec2@3.956.0", "", { "dependencies": { "@aws-crypto/sha256-browser": "5.2.0", "@aws-crypto/sha256-js": "5.2.0", "@aws-sdk/core": "3.956.0", "@aws-sdk/credential-provider-node": "3.956.0", "@aws-sdk/middleware-host-header": "3.956.0", "@aws-sdk/middleware-logger": "3.956.0", "@aws-sdk/middleware-recursion-detection": "3.956.0", "@aws-sdk/middleware-sdk-ec2": "3.956.0", "@aws-sdk/middleware-user-agent": "3.956.0", "@aws-sdk/region-config-resolver": "3.956.0", "@aws-sdk/types": "3.956.0", "@aws-sdk/util-endpoints": "3.956.0", "@aws-sdk/util-user-agent-browser": "3.956.0", "@aws-sdk/util-user-agent-node": "3.956.0", "@smithy/config-resolver": "^4.4.5", "@smithy/core": "^3.20.0", "@smithy/fetch-http-handler": "^5.3.8", "@smithy/hash-node": "^4.2.7", "@smithy/invalid-dependency": "^4.2.7", "@smithy/middleware-content-length": "^4.2.7", "@smithy/middleware-endpoint": "^4.4.1", "@smithy/middleware-retry": "^4.4.17", "@smithy/middleware-serde": "^4.2.8", "@smithy/middleware-stack": "^4.2.7", "@smithy/node-config-provider": "^4.3.7", "@smithy/node-http-handler": "^4.4.7", "@smithy/protocol-http": "^5.3.7", "@smithy/smithy-client": "^4.10.2", "@smithy/types": "^4.11.0", "@smithy/url-parser": "^4.2.7", "@smithy/util-base64": "^4.3.0", "@smithy/util-body-length-browser": "^4.2.0", "@smithy/util-body-length-node": "^4.2.1", "@smithy/util-defaults-mode-browser": "^4.3.16", "@smithy/util-defaults-mode-node": "^4.2.19", "@smithy/util-endpoints": "^3.2.7", "@smithy/util-middleware": "^4.2.7", "@smithy/util-retry": "^4.2.7", "@smithy/util-utf8": "^4.2.0", "@smithy/util-waiter": "^4.2.7", "tslib": "^2.6.2" } }, "sha512-f2S1ga8SoBRV6c2JyETJseyiTWN5wGIDJnkwg5wkGCIk5lSxXaXGPlBGR+0XAwRb5UtWz5XVOS9uG0GIEsdiMw=="],

    "@aws-sdk/client-secrets-manager": ["@aws-sdk/client-secrets-manager@3.956.0", "", { "dependencies": { "@aws-crypto/sha256-browser": "5.2.0", "@aws-crypto/sha256-js": "5.2.0", "@aws-sdk/core": "3.956.0", "@aws-sdk/credential-provider-node": "3.956.0", "@aws-sdk/middleware-host-header": "3.956.0", "@aws-sdk/middleware-logger": "3.956.0", "@aws-sdk/middleware-recursion-detection": "3.956.0", "@aws-sdk/middleware-user-agent": "3.956.0", "@aws-sdk/region-config-resolver": "3.956.0", "@aws-sdk/types": "3.956.0", "@aws-sdk/util-endpoints": "3.956.0", "@aws-sdk/util-user-agent-browser": "3.956.0", "@aws-sdk/util-user-agent-node": "3.956.0", "@smithy/config-resolver": "^4.4.5", "@smithy/core": "^3.20.0", "@smithy/fetch-http-handler": "^5.3.8", "@smithy/hash-node": "^4.2.7", "@smithy/invalid-dependency": "^4.2.7", "@smithy/middleware-content-length": "^4.2.7", "@smithy/middleware-endpoint": "^4.4.1", "@smithy/middleware-retry": "^4.4.17", "@smithy/middleware-serde": "^4.2.8", "@smithy/middleware-stack": "^4.2.7", "@smithy/node-config-provider": "^4.3.7", "@smithy/node-http-handler": "^4.4.7", "@smithy/protocol-http": "^5.3.7", "@smithy/smithy-client": "^4.10.2", "@smithy/types": "^4.11.0", "@smithy/url-parser": "^4.2.7", "@smithy/util-base64": "^4.3.0", "@smithy/util-body-length-browser": "^4.2.0", "@smithy/util-body-length-node": "^4.2.1", "@smithy/util-defaults-mode-browser": "^4.3.16", "@smithy/util-defaults-mode-node": "^4.2.19", "@smithy/util-endpoints": "^3.2.7", "@smithy/util-middleware": "^4.2.7", "@smithy/util-retry": "^4.2.7", "@smithy/util-utf8": "^4.2.0", "tslib": "^2.6.2" } }, "sha512-dVVpy0AoGHlDDmpzQA6OEJ7KmKFdQR9shTslcJJB56OpNhbFShd0LHYGW1PFXI3mWHRaYJnMprGWqzBPwJ2dVA=="],

    "@aws-sdk/client-ssm": ["@aws-sdk/client-ssm@3.956.0", "", { "dependencies": { "@aws-crypto/sha256-browser": "5.2.0", "@aws-crypto/sha256-js": "5.2.0", "@aws-sdk/core": "3.956.0", "@aws-sdk/credential-provider-node": "3.956.0", "@aws-sdk/middleware-host-header": "3.956.0", "@aws-sdk/middleware-logger": "3.956.0", "@aws-sdk/middleware-recursion-detection": "3.956.0", "@aws-sdk/middleware-user-agent": "3.956.0", "@aws-sdk/region-config-resolver": "3.956.0", "@aws-sdk/types": "3.956.0", "@aws-sdk/util-endpoints": "3.956.0", "@aws-sdk/util-user-agent-browser": "3.956.0", "@aws-sdk/util-user-agent-node": "3.956.0", "@smithy/config-resolver": "^4.4.5", "@smithy/core": "^3.20.0", "@smithy/fetch-http-handler": "^5.3.8", "@smithy/hash-node": "^4.2.7", "@smithy/invalid-dependency": "^4.2.7", "@smithy/middleware-content-length": "^4.2.7", "@smithy/middleware-endpoint": "^4.4.1", "@smithy/middleware-retry": "^4.4.17", "@smithy/middleware-serde": "^4.2.8", "@smithy/middleware-stack": "^4.2.7", "@smithy/node-config-provider": "^4.3.7", "@smithy/node-http-handler": "^4.4.7", "@smithy/protocol-http": "^5.3.7", "@smithy/smithy-client": "^4.10.2", "@smithy/types": "^4.11.0", "@smithy/url-parser": "^4.2.7", "@smithy/util-base64": "^4.3.0", "@smithy/util-body-length-browser": "^4.2.0", "@smithy/util-body-length-node": "^4.2.1", "@smithy/util-defaults-mode-browser": "^4.3.16", "@smithy/util-defaults-mode-node": "^4.2.19", "@smithy/util-endpoints": "^3.2.7", "@smithy/util-middleware": "^4.2.7", "@smithy/util-retry": "^4.2.7", "@smithy/util-utf8": "^4.2.0", "@smithy/util-waiter": "^4.2.7", "tslib": "^2.6.2" } }, "sha512-7/71g9uq0iHlu4IoqhFU2EvyXlpPpCBF86zdmuOGkTScgsa80QL03sdzebj+q7fZvh7EZSVPNe9PDGjsBxkmDg=="],

    "@aws-sdk/client-sso": ["@aws-sdk/client-sso@3.956.0", "", { "dependencies": { "@aws-crypto/sha256-browser": "5.2.0", "@aws-crypto/sha256-js": "5.2.0", "@aws-sdk/core": "3.956.0", "@aws-sdk/middleware-host-header": "3.956.0", "@aws-sdk/middleware-logger": "3.956.0", "@aws-sdk/middleware-recursion-detection": "3.956.0", "@aws-sdk/middleware-user-agent": "3.956.0", "@aws-sdk/region-config-resolver": "3.956.0", "@aws-sdk/types": "3.956.0", "@aws-sdk/util-endpoints": "3.956.0", "@aws-sdk/util-user-agent-browser": "3.956.0", "@aws-sdk/util-user-agent-node": "3.956.0", "@smithy/config-resolver": "^4.4.5", "@smithy/core": "^3.20.0", "@smithy/fetch-http-handler": "^5.3.8", "@smithy/hash-node": "^4.2.7", "@smithy/invalid-dependency": "^4.2.7", "@smithy/middleware-content-length": "^4.2.7", "@smithy/middleware-endpoint": "^4.4.1", "@smithy/middleware-retry": "^4.4.17", "@smithy/middleware-serde": "^4.2.8", "@smithy/middleware-stack": "^4.2.7", "@smithy/node-config-provider": "^4.3.7", "@smithy/node-http-handler": "^4.4.7", "@smithy/protocol-http": "^5.3.7", "@smithy/smithy-client": "^4.10.2", "@smithy/types": "^4.11.0", "@smithy/url-parser": "^4.2.7", "@smithy/util-base64": "^4.3.0", "@smithy/util-body-length-browser": "^4.2.0", "@smithy/util-body-length-node": "^4.2.1", "@smithy/util-defaults-mode-browser": "^4.3.16", "@smithy/util-defaults-mode-node": "^4.2.19", "@smithy/util-endpoints": "^3.2.7", "@smithy/util-middleware": "^4.2.7", "@smithy/util-retry": "^4.2.7", "@smithy/util-utf8": "^4.2.0", "tslib": "^2.6.2" } }, "sha512-TCxCa9B1IMILvk/7sig0fRQzff+M2zBQVZGWOJL8SAZq/gfElIMAf/nYjQwMhXjyq8PFDRGm4GN8ZhNKPeNleQ=="],

    "@aws-sdk/client-sts": ["@aws-sdk/client-sts@3.956.0", "", { "dependencies": { "@aws-crypto/sha256-browser": "5.2.0", "@aws-crypto/sha256-js": "5.2.0", "@aws-sdk/core": "3.956.0", "@aws-sdk/credential-provider-node": "3.956.0", "@aws-sdk/middleware-host-header": "3.956.0", "@aws-sdk/middleware-logger": "3.956.0", "@aws-sdk/middleware-recursion-detection": "3.956.0", "@aws-sdk/middleware-user-agent": "3.956.0", "@aws-sdk/region-config-resolver": "3.956.0", "@aws-sdk/types": "3.956.0", "@aws-sdk/util-endpoints": "3.956.0", "@aws-sdk/util-user-agent-browser": "3.956.0", "@aws-sdk/util-user-agent-node": "3.956.0", "@smithy/config-resolver": "^4.4.5", "@smithy/core": "^3.20.0", "@smithy/fetch-http-handler": "^5.3.8", "@smithy/hash-node": "^4.2.7", "@smithy/invalid-dependency": "^4.2.7", "@smithy/middleware-content-length": "^4.2.7", "@smithy/middleware-endpoint": "^4.4.1", "@smithy/middleware-retry": "^4.4.17", "@smithy/middleware-serde": "^4.2.8", "@smithy/middleware-stack": "^4.2.7", "@smithy/node-config-provider": "^4.3.7", "@smithy/node-http-handler": "^4.4.7", "@smithy/protocol-http": "^5.3.7", "@smithy/smithy-client": "^4.10.2", "@smithy/types": "^4.11.0", "@smithy/url-parser": "^4.2.7", "@smithy/util-base64": "^4.3.0", "@smithy/util-body-length-browser": "^4.2.0", "@smithy/util-body-length-node": "^4.2.1", "@smithy/util-defaults-mode-browser": "^4.3.16", "@smithy/util-defaults-mode-node": "^4.2.19", "@smithy/util-endpoints": "^3.2.7", "@smithy/util-middleware": "^4.2.7", "@smithy/util-retry": "^4.2.7", "@smithy/util-utf8": "^4.2.0", "tslib": "^2.6.2" } }, "sha512-m4+7h3wbNX/ujqsWhDE7j+qX7W7bQzlMm53SG18VANO2HDm3NgD4na2926Oo6ZVKWAc0UwdED5V7aJbr7X9veQ=="],

    "@aws-sdk/core": ["@aws-sdk/core@3.956.0", "", { "dependencies": { "@aws-sdk/types": "3.956.0", "@aws-sdk/xml-builder": "3.956.0", "@smithy/core": "^3.20.0", "@smithy/node-config-provider": "^4.3.7", "@smithy/property-provider": "^4.2.7", "@smithy/protocol-http": "^5.3.7", "@smithy/signature-v4": "^5.3.7", "@smithy/smithy-client": "^4.10.2", "@smithy/types": "^4.11.0", "@smithy/util-base64": "^4.3.0", "@smithy/util-middleware": "^4.2.7", "@smithy/util-utf8": "^4.2.0", "tslib": "^2.6.2" } }, "sha512-BMOCXZNz5z4cR3/SaNHUfeoZQUG/y39bLscdLUgg3RL6mDOhuINIqMc0qc6G3kpwDTLVdXikF4nmx2UrRK9y5A=="],

    "@aws-sdk/credential-provider-cognito-identity": ["@aws-sdk/credential-provider-cognito-identity@3.956.0", "", { "dependencies": { "@aws-sdk/client-cognito-identity": "3.956.0", "@aws-sdk/types": "3.956.0", "@smithy/property-provider": "^4.2.7", "@smithy/types": "^4.11.0", "tslib": "^2.6.2" } }, "sha512-sqH7k7Uvbvc5V0Y8tB8CZoCd5KEuH5g30+wbrGac9s1D+TXXN6g8KnJhyYrHfwa1rJiY7B1mK80ENjG4LlUr0g=="],

    "@aws-sdk/credential-provider-env": ["@aws-sdk/credential-provider-env@3.956.0", "", { "dependencies": { "@aws-sdk/core": "3.956.0", "@aws-sdk/types": "3.956.0", "@smithy/property-provider": "^4.2.7", "@smithy/types": "^4.11.0", "tslib": "^2.6.2" } }, "sha512-aLJavJMPVTvhmggJ0pcdCKEWJk3sL9QkJkUIEoTzOou7HnxWS66N4sC5e8y27AF2nlnYfIxq3hkEiZlGi/vlfA=="],

    "@aws-sdk/credential-provider-http": ["@aws-sdk/credential-provider-http@3.956.0", "", { "dependencies": { "@aws-sdk/core": "3.956.0", "@aws-sdk/types": "3.956.0", "@smithy/fetch-http-handler": "^5.3.8", "@smithy/node-http-handler": "^4.4.7", "@smithy/property-provider": "^4.2.7", "@smithy/protocol-http": "^5.3.7", "@smithy/smithy-client": "^4.10.2", "@smithy/types": "^4.11.0", "@smithy/util-stream": "^4.5.8", "tslib": "^2.6.2" } }, "sha512-VsKzBNhwT6XJdW3HQX6o4KOHj1MAzSwA8/zCsT9mOGecozw1yeCcQPtlWDSlfsfygKVCXz7fiJzU03yl11NKMA=="],

    "@aws-sdk/credential-provider-ini": ["@aws-sdk/credential-provider-ini@3.956.0", "", { "dependencies": { "@aws-sdk/core": "3.956.0", "@aws-sdk/credential-provider-env": "3.956.0", "@aws-sdk/credential-provider-http": "3.956.0", "@aws-sdk/credential-provider-login": "3.956.0", "@aws-sdk/credential-provider-process": "3.956.0", "@aws-sdk/credential-provider-sso": "3.956.0", "@aws-sdk/credential-provider-web-identity": "3.956.0", "@aws-sdk/nested-clients": "3.956.0", "@aws-sdk/types": "3.956.0", "@smithy/credential-provider-imds": "^4.2.7", "@smithy/property-provider": "^4.2.7", "@smithy/shared-ini-file-loader": "^4.4.2", "@smithy/types": "^4.11.0", "tslib": "^2.6.2" } }, "sha512-TlDy+IGr0JIRBwnPdV31J1kWXEcfsR3OzcNVWQrguQdHeTw2lU5eft16kdizo6OruqcZRF/LvHBDwAWx4u51ww=="],

    "@aws-sdk/credential-provider-login": ["@aws-sdk/credential-provider-login@3.956.0", "", { "dependencies": { "@aws-sdk/core": "3.956.0", "@aws-sdk/nested-clients": "3.956.0", "@aws-sdk/types": "3.956.0", "@smithy/property-provider": "^4.2.7", "@smithy/protocol-http": "^5.3.7", "@smithy/shared-ini-file-loader": "^4.4.2", "@smithy/types": "^4.11.0", "tslib": "^2.6.2" } }, "sha512-p2Y62mdIlUpiyi5tvn8cKTja5kq1e3Rm5gm4wpNQ9caTayfkIEXyKrbP07iepTv60Coaylq9Fx6b5En/siAeGA=="],

    "@aws-sdk/credential-provider-node": ["@aws-sdk/credential-provider-node@3.956.0", "", { "dependencies": { "@aws-sdk/credential-provider-env": "3.956.0", "@aws-sdk/credential-provider-http": "3.956.0", "@aws-sdk/credential-provider-ini": "3.956.0", "@aws-sdk/credential-provider-process": "3.956.0", "@aws-sdk/credential-provider-sso": "3.956.0", "@aws-sdk/credential-provider-web-identity": "3.956.0", "@aws-sdk/types": "3.956.0", "@smithy/credential-provider-imds": "^4.2.7", "@smithy/property-provider": "^4.2.7", "@smithy/shared-ini-file-loader": "^4.4.2", "@smithy/types": "^4.11.0", "tslib": "^2.6.2" } }, "sha512-ITjp7uAQh17ljUsCWkPRmLjyFfupGlJVUfTLHnZJ+c7G0P0PDRquaM+fBSh0y33tauHsBa5fGnCCLRo5hy9sGQ=="],

    "@aws-sdk/credential-provider-process": ["@aws-sdk/credential-provider-process@3.956.0", "", { "dependencies": { "@aws-sdk/core": "3.956.0", "@aws-sdk/types": "3.956.0", "@smithy/property-provider": "^4.2.7", "@smithy/shared-ini-file-loader": "^4.4.2", "@smithy/types": "^4.11.0", "tslib": "^2.6.2" } }, "sha512-wpAex+/LGVWkHPchsn9FWy1ahFualIeSYq3ADFc262ljJjrltOWGh3+cu3OK3gTMkX6VEsl+lFvy1P7Bk7cgXA=="],

    "@aws-sdk/credential-provider-sso": ["@aws-sdk/credential-provider-sso@3.956.0", "", { "dependencies": { "@aws-sdk/client-sso": "3.956.0", "@aws-sdk/core": "3.956.0", "@aws-sdk/token-providers": "3.956.0", "@aws-sdk/types": "3.956.0", "@smithy/property-provider": "^4.2.7", "@smithy/shared-ini-file-loader": "^4.4.2", "@smithy/types": "^4.11.0", "tslib": "^2.6.2" } }, "sha512-IRFSDF32x8TpOEYSGMcGQVJUiYuJaFkek0aCjW0klNIZHBF1YpflVpUarK9DJe4v4ryfVq3c0bqR/JFui8QFmw=="],

    "@aws-sdk/credential-provider-web-identity": ["@aws-sdk/credential-provider-web-identity@3.956.0", "", { "dependencies": { "@aws-sdk/core": "3.956.0", "@aws-sdk/nested-clients": "3.956.0", "@aws-sdk/types": "3.956.0", "@smithy/property-provider": "^4.2.7", "@smithy/shared-ini-file-loader": "^4.4.2", "@smithy/types": "^4.11.0", "tslib": "^2.6.2" } }, "sha512-4YkmjwZC+qoUKlVOY9xNx7BTKRdJ1R1/Zjk2QSW5aWtwkk2e07ZUQvUpbW4vGpAxGm1K4EgRcowuSpOsDTh44Q=="],

    "@aws-sdk/credential-providers": ["@aws-sdk/credential-providers@3.956.0", "", { "dependencies": { "@aws-sdk/client-cognito-identity": "3.956.0", "@aws-sdk/core": "3.956.0", "@aws-sdk/credential-provider-cognito-identity": "3.956.0", "@aws-sdk/credential-provider-env": "3.956.0", "@aws-sdk/credential-provider-http": "3.956.0", "@aws-sdk/credential-provider-ini": "3.956.0", "@aws-sdk/credential-provider-login": "3.956.0", "@aws-sdk/credential-provider-node": "3.956.0", "@aws-sdk/credential-provider-process": "3.956.0", "@aws-sdk/credential-provider-sso": "3.956.0", "@aws-sdk/credential-provider-web-identity": "3.956.0", "@aws-sdk/nested-clients": "3.956.0", "@aws-sdk/types": "3.956.0", "@smithy/config-resolver": "^4.4.5", "@smithy/core": "^3.20.0", "@smithy/credential-provider-imds": "^4.2.7", "@smithy/node-config-provider": "^4.3.7", "@smithy/property-provider": "^4.2.7", "@smithy/types": "^4.11.0", "tslib": "^2.6.2" } }, "sha512-Fc8NWNkPZt61OIS6BRUWS+Po3z3nh3gE4w+4cZ083CdXxx4CCB82Oa0Fe2/E5l7p/z4vhEDXWwuJdiDQQXTplQ=="],

    "@aws-sdk/middleware-host-header": ["@aws-sdk/middleware-host-header@3.956.0", "", { "dependencies": { "@aws-sdk/types": "3.956.0", "@smithy/protocol-http": "^5.3.7", "@smithy/types": "^4.11.0", "tslib": "^2.6.2" } }, "sha512-JujNJDp/dj1DbsI0ntzhrz2uJ4jpumcKtr743eMpEhdboYjuu/UzY8/7n1h5JbgU9TNXgqE9lgQNa5QPG0Tvsg=="],

    "@aws-sdk/middleware-logger": ["@aws-sdk/middleware-logger@3.956.0", "", { "dependencies": { "@aws-sdk/types": "3.956.0", "@smithy/types": "^4.11.0", "tslib": "^2.6.2" } }, "sha512-Qff39yEOPYgRsm4SrkHOvS0nSoxXILYnC8Akp0uMRi2lOcZVyXL3WCWqIOtI830qVI4GPa796sleKguxx50RHg=="],

    "@aws-sdk/middleware-recursion-detection": ["@aws-sdk/middleware-recursion-detection@3.956.0", "", { "dependencies": { "@aws-sdk/types": "3.956.0", "@aws/lambda-invoke-store": "^0.2.2", "@smithy/protocol-http": "^5.3.7", "@smithy/types": "^4.11.0", "tslib": "^2.6.2" } }, "sha512-/f4JxL2kSCYhy63wovqts6SJkpalSLvuFe78ozt3ClrGoHGyr69o7tPRYx5U7azLgvrIGjsWUyTayeAk3YHIVQ=="],

    "@aws-sdk/middleware-sdk-ec2": ["@aws-sdk/middleware-sdk-ec2@3.956.0", "", { "dependencies": { "@aws-sdk/types": "3.956.0", "@aws-sdk/util-format-url": "3.956.0", "@smithy/middleware-endpoint": "^4.4.1", "@smithy/protocol-http": "^5.3.7", "@smithy/signature-v4": "^5.3.7", "@smithy/smithy-client": "^4.10.2", "@smithy/types": "^4.11.0", "tslib": "^2.6.2" } }, "sha512-+4QG1t1iWUrVbqZLLICuUWa8kRX8IRyH1JMy52iRoroEQ10O1zKVyi6+q4X1D07OqjhLJyyFlctok7nmxbBGng=="],

    "@aws-sdk/middleware-user-agent": ["@aws-sdk/middleware-user-agent@3.956.0", "", { "dependencies": { "@aws-sdk/core": "3.956.0", "@aws-sdk/types": "3.956.0", "@aws-sdk/util-endpoints": "3.956.0", "@smithy/core": "^3.20.0", "@smithy/protocol-http": "^5.3.7", "@smithy/types": "^4.11.0", "tslib": "^2.6.2" } }, "sha512-azH8OJ0AIe3NafaTNvJorG/ALaLNTYwVKtyaSeQKOvaL8TNuBVuDnM5iHCiWryIaRgZotomqycwyfNKLw2D3JQ=="],

    "@aws-sdk/nested-clients": ["@aws-sdk/nested-clients@3.956.0", "", { "dependencies": { "@aws-crypto/sha256-browser": "5.2.0", "@aws-crypto/sha256-js": "5.2.0", "@aws-sdk/core": "3.956.0", "@aws-sdk/middleware-host-header": "3.956.0", "@aws-sdk/middleware-logger": "3.956.0", "@aws-sdk/middleware-recursion-detection": "3.956.0", "@aws-sdk/middleware-user-agent": "3.956.0", "@aws-sdk/region-config-resolver": "3.956.0", "@aws-sdk/types": "3.956.0", "@aws-sdk/util-endpoints": "3.956.0", "@aws-sdk/util-user-agent-browser": "3.956.0", "@aws-sdk/util-user-agent-node": "3.956.0", "@smithy/config-resolver": "^4.4.5", "@smithy/core": "^3.20.0", "@smithy/fetch-http-handler": "^5.3.8", "@smithy/hash-node": "^4.2.7", "@smithy/invalid-dependency": "^4.2.7", "@smithy/middleware-content-length": "^4.2.7", "@smithy/middleware-endpoint": "^4.4.1", "@smithy/middleware-retry": "^4.4.17", "@smithy/middleware-serde": "^4.2.8", "@smithy/middleware-stack": "^4.2.7", "@smithy/node-config-provider": "^4.3.7", "@smithy/node-http-handler": "^4.4.7", "@smithy/protocol-http": "^5.3.7", "@smithy/smithy-client": "^4.10.2", "@smithy/types": "^4.11.0", "@smithy/url-parser": "^4.2.7", "@smithy/util-base64": "^4.3.0", "@smithy/util-body-length-browser": "^4.2.0", "@smithy/util-body-length-node": "^4.2.1", "@smithy/util-defaults-mode-browser": "^4.3.16", "@smithy/util-defaults-mode-node": "^4.2.19", "@smithy/util-endpoints": "^3.2.7", "@smithy/util-middleware": "^4.2.7", "@smithy/util-retry": "^4.2.7", "@smithy/util-utf8": "^4.2.0", "tslib": "^2.6.2" } }, "sha512-GHDQMkxoWpi3eTrhWGmghw0gsZJ5rM1ERHfBFhlhduCdtV3TyhKVmDgFG84KhU8v18dcVpSp3Pu3KwH7j1tgIg=="],

    "@aws-sdk/region-config-resolver": ["@aws-sdk/region-config-resolver@3.956.0", "", { "dependencies": { "@aws-sdk/types": "3.956.0", "@smithy/config-resolver": "^4.4.5", "@smithy/node-config-provider": "^4.3.7", "@smithy/types": "^4.11.0", "tslib": "^2.6.2" } }, "sha512-byU5XYekW7+rZ3e067y038wlrpnPkdI4fMxcHCHrv+TAfzl8CCk5xLyzerQtXZR8cVPVOXuaYWe1zKW0uCnXUA=="],

    "@aws-sdk/token-providers": ["@aws-sdk/token-providers@3.956.0", "", { "dependencies": { "@aws-sdk/core": "3.956.0", "@aws-sdk/nested-clients": "3.956.0", "@aws-sdk/types": "3.956.0", "@smithy/property-provider": "^4.2.7", "@smithy/shared-ini-file-loader": "^4.4.2", "@smithy/types": "^4.11.0", "tslib": "^2.6.2" } }, "sha512-I01Q9yDeG9oXge14u/bubtSdBpok/rTsPp2AQwy5xj/5PatRTHPbUTP6tef3AH/lFCAqkI0nncIcgx6zikDdUQ=="],

    "@aws-sdk/types": ["@aws-sdk/types@3.956.0", "", { "dependencies": { "@smithy/types": "^4.11.0", "tslib": "^2.6.2" } }, "sha512-DMRU/p9wAlAJxEjegnLwduCA8YP2pcT/sIJ+17KSF38c5cC6CbBhykwbZLECTo+zYzoFrOqeLbqE6paH8Gx3ug=="],

    "@aws-sdk/util-endpoints": ["@aws-sdk/util-endpoints@3.956.0", "", { "dependencies": { "@aws-sdk/types": "3.956.0", "@smithy/types": "^4.11.0", "@smithy/url-parser": "^4.2.7", "@smithy/util-endpoints": "^3.2.7", "tslib": "^2.6.2" } }, "sha512-xZ5CBoubS4rs9JkFniKNShDtfqxaMUnwaebYMoybZm070q9+omFkQkJYXl7kopTViEgZgQl1sAsAkrawBM8qEQ=="],

    "@aws-sdk/util-format-url": ["@aws-sdk/util-format-url@3.956.0", "", { "dependencies": { "@aws-sdk/types": "3.956.0", "@smithy/querystring-builder": "^4.2.7", "@smithy/types": "^4.11.0", "tslib": "^2.6.2" } }, "sha512-Piap0XvvmZMtCjeCStuAG/Meq7/U5SR3X+ZDduRYMKlkNtkLcc98e9Sih5AThIJLUdffRS/M+gQRiWvc1sm1ww=="],

    "@aws-sdk/util-locate-window": ["@aws-sdk/util-locate-window@3.953.0", "", { "dependencies": { "tslib": "^2.6.2" } }, "sha512-mPxK+I1LcrgC/RSa3G5AMAn8eN2Ay0VOgw8lSRmV1jCtO+iYvNeCqOdxoJUjOW6I5BA4niIRWqVORuRP07776Q=="],

    "@aws-sdk/util-user-agent-browser": ["@aws-sdk/util-user-agent-browser@3.956.0", "", { "dependencies": { "@aws-sdk/types": "3.956.0", "@smithy/types": "^4.11.0", "bowser": "^2.11.0", "tslib": "^2.6.2" } }, "sha512-s8KwYR3HqiGNni7a1DN2P3RUog64QoBQ6VCSzJkHBWb6++8KSOpqeeDkfmEz+22y1LOne+bRrpDGKa0aqOc3rQ=="],

    "@aws-sdk/util-user-agent-node": ["@aws-sdk/util-user-agent-node@3.956.0", "", { "dependencies": { "@aws-sdk/middleware-user-agent": "3.956.0", "@aws-sdk/types": "3.956.0", "@smithy/node-config-provider": "^4.3.7", "@smithy/types": "^4.11.0", "tslib": "^2.6.2" }, "peerDependencies": { "aws-crt": ">=1.0.0" }, "optionalPeers": ["aws-crt"] }, "sha512-H0r6ol3Rr63/3xvrUsLqHps+cA7VkM7uCU5NtuTHnMbv3uYYTKf9M2XFHAdVewmmRgssTzvqemrARc8Ji3SNvg=="],

    "@aws-sdk/xml-builder": ["@aws-sdk/xml-builder@3.956.0", "", { "dependencies": { "@smithy/types": "^4.11.0", "fast-xml-parser": "5.2.5", "tslib": "^2.6.2" } }, "sha512-x/IvXUeQYNUEQojpRIQpFt4X7XGxqzjUlXFRdwaTCtTz3q1droXVJvYOhnX3KiMgzeHGlBJfY4Nmq3oZNEUGFw=="],

    "@aws/lambda-invoke-store": ["@aws/lambda-invoke-store@0.2.2", "", {}, "sha512-C0NBLsIqzDIae8HFw9YIrIBsbc0xTiOtt7fAukGPnqQ/+zZNaq+4jhuccltK0QuWHBnNm/a6kLIRA6GFiM10eg=="],

    "@clack/core": ["@clack/core@0.5.0", "", { "dependencies": { "picocolors": "^1.0.0", "sisteransi": "^1.0.5" } }, "sha512-p3y0FIOwaYRUPRcMO7+dlmLh8PSRcrjuTndsiA0WAFbWES0mLZlrjVoBRZ9DzkPFJZG6KGkJmoEAY0ZcVWTkow=="],

    "@clack/prompts": ["@clack/prompts@0.11.0", "", { "dependencies": { "@clack/core": "0.5.0", "picocolors": "^1.0.0", "sisteransi": "^1.0.5" } }, "sha512-pMN5FcrEw9hUkZA4f+zLlzivQSeQf5dRGJjSUbvVYDLvpKCdQx5OaknvKzgbtXOizhP+SJJJjqEbOe55uKKfAw=="],

    "@smithy/abort-controller": ["@smithy/abort-controller@4.2.7", "", { "dependencies": { "@smithy/types": "^4.11.0", "tslib": "^2.6.2" } }, "sha512-rzMY6CaKx2qxrbYbqjXWS0plqEy7LOdKHS0bg4ixJ6aoGDPNUcLWk/FRNuCILh7GKLG9TFUXYYeQQldMBBwuyw=="],

    "@smithy/config-resolver": ["@smithy/config-resolver@4.4.5", "", { "dependencies": { "@smithy/node-config-provider": "^4.3.7", "@smithy/types": "^4.11.0", "@smithy/util-config-provider": "^4.2.0", "@smithy/util-endpoints": "^3.2.7", "@smithy/util-middleware": "^4.2.7", "tslib": "^2.6.2" } }, "sha512-HAGoUAFYsUkoSckuKbCPayECeMim8pOu+yLy1zOxt1sifzEbrsRpYa+mKcMdiHKMeiqOibyPG0sFJnmaV/OGEg=="],

    "@smithy/core": ["@smithy/core@3.20.0", "", { "dependencies": { "@smithy/middleware-serde": "^4.2.8", "@smithy/protocol-http": "^5.3.7", "@smithy/types": "^4.11.0", "@smithy/util-base64": "^4.3.0", "@smithy/util-body-length-browser": "^4.2.0", "@smithy/util-middleware": "^4.2.7", "@smithy/util-stream": "^4.5.8", "@smithy/util-utf8": "^4.2.0", "@smithy/uuid": "^1.1.0", "tslib": "^2.6.2" } }, "sha512-WsSHCPq/neD5G/MkK4csLI5Y5Pkd9c1NMfpYEKeghSGaD4Ja1qLIohRQf2D5c1Uy5aXp76DeKHkzWZ9KAlHroQ=="],

    "@smithy/credential-provider-imds": ["@smithy/credential-provider-imds@4.2.7", "", { "dependencies": { "@smithy/node-config-provider": "^4.3.7", "@smithy/property-provider": "^4.2.7", "@smithy/types": "^4.11.0", "@smithy/url-parser": "^4.2.7", "tslib": "^2.6.2" } }, "sha512-CmduWdCiILCRNbQWFR0OcZlUPVtyE49Sr8yYL0rZQ4D/wKxiNzBNS/YHemvnbkIWj623fplgkexUd/c9CAKdoA=="],

    "@smithy/fetch-http-handler": ["@smithy/fetch-http-handler@5.3.8", "", { "dependencies": { "@smithy/protocol-http": "^5.3.7", "@smithy/querystring-builder": "^4.2.7", "@smithy/types": "^4.11.0", "@smithy/util-base64": "^4.3.0", "tslib": "^2.6.2" } }, "sha512-h/Fi+o7mti4n8wx1SR6UHWLaakwHRx29sizvp8OOm7iqwKGFneT06GCSFhml6Bha5BT6ot5pj3CYZnCHhGC2Rg=="],

    "@smithy/hash-node": ["@smithy/hash-node@4.2.7", "", { "dependencies": { "@smithy/types": "^4.11.0", "@smithy/util-buffer-from": "^4.2.0", "@smithy/util-utf8": "^4.2.0", "tslib": "^2.6.2" } }, "sha512-PU/JWLTBCV1c8FtB8tEFnY4eV1tSfBc7bDBADHfn1K+uRbPgSJ9jnJp0hyjiFN2PMdPzxsf1Fdu0eo9fJ760Xw=="],

    "@smithy/invalid-dependency": ["@smithy/invalid-dependency@4.2.7", "", { "dependencies": { "@smithy/types": "^4.11.0", "tslib": "^2.6.2" } }, "sha512-ncvgCr9a15nPlkhIUx3CU4d7E7WEuVJOV7fS7nnK2hLtPK9tYRBkMHQbhXU1VvvKeBm/O0x26OEoBq+ngFpOEQ=="],

    "@smithy/is-array-buffer": ["@smithy/is-array-buffer@4.2.0", "", { "dependencies": { "tslib": "^2.6.2" } }, "sha512-DZZZBvC7sjcYh4MazJSGiWMI2L7E0oCiRHREDzIxi/M2LY79/21iXt6aPLHge82wi5LsuRF5A06Ds3+0mlh6CQ=="],

    "@smithy/middleware-content-length": ["@smithy/middleware-content-length@4.2.7", "", { "dependencies": { "@smithy/protocol-http": "^5.3.7", "@smithy/types": "^4.11.0", "tslib": "^2.6.2" } }, "sha512-GszfBfCcvt7kIbJ41LuNa5f0wvQCHhnGx/aDaZJCCT05Ld6x6U2s0xsc/0mBFONBZjQJp2U/0uSJ178OXOwbhg=="],

    "@smithy/middleware-endpoint": ["@smithy/middleware-endpoint@4.4.1", "", { "dependencies": { "@smithy/core": "^3.20.0", "@smithy/middleware-serde": "^4.2.8", "@smithy/node-config-provider": "^4.3.7", "@smithy/shared-ini-file-loader": "^4.4.2", "@smithy/types": "^4.11.0", "@smithy/url-parser": "^4.2.7", "@smithy/util-middleware": "^4.2.7", "tslib": "^2.6.2" } }, "sha512-gpLspUAoe6f1M6H0u4cVuFzxZBrsGZmjx2O9SigurTx4PbntYa4AJ+o0G0oGm1L2oSX6oBhcGHwrfJHup2JnJg=="],

    "@smithy/middleware-retry": ["@smithy/middleware-retry@4.4.17", "", { "dependencies": { "@smithy/node-config-provider": "^4.3.7", "@smithy/protocol-http": "^5.3.7", "@smithy/service-error-classification": "^4.2.7", "@smithy/smithy-client": "^4.10.2", "@smithy/types": "^4.11.0", "@smithy/util-middleware": "^4.2.7", "@smithy/util-retry": "^4.2.7", "@smithy/uuid": "^1.1.0", "tslib": "^2.6.2" } }, "sha512-MqbXK6Y9uq17h+4r0ogu/sBT6V/rdV+5NvYL7ZV444BKfQygYe8wAhDrVXagVebN6w2RE0Fm245l69mOsPGZzg=="],

    "@smithy/middleware-serde": ["@smithy/middleware-serde@4.2.8", "", { "dependencies": { "@smithy/protocol-http": "^5.3.7", "@smithy/types": "^4.11.0", "tslib": "^2.6.2" } }, "sha512-8rDGYen5m5+NV9eHv9ry0sqm2gI6W7mc1VSFMtn6Igo25S507/HaOX9LTHAS2/J32VXD0xSzrY0H5FJtOMS4/w=="],

    "@smithy/middleware-stack": ["@smithy/middleware-stack@4.2.7", "", { "dependencies": { "@smithy/types": "^4.11.0", "tslib": "^2.6.2" } }, "sha512-bsOT0rJ+HHlZd9crHoS37mt8qRRN/h9jRve1SXUhVbkRzu0QaNYZp1i1jha4n098tsvROjcwfLlfvcFuJSXEsw=="],

    "@smithy/node-config-provider": ["@smithy/node-config-provider@4.3.7", "", { "dependencies": { "@smithy/property-provider": "^4.2.7", "@smithy/shared-ini-file-loader": "^4.4.2", "@smithy/types": "^4.11.0", "tslib": "^2.6.2" } }, "sha512-7r58wq8sdOcrwWe+klL9y3bc4GW1gnlfnFOuL7CXa7UzfhzhxKuzNdtqgzmTV+53lEp9NXh5hY/S4UgjLOzPfw=="],

    "@smithy/node-http-handler": ["@smithy/node-http-handler@4.4.7", "", { "dependencies": { "@smithy/abort-controller": "^4.2.7", "@smithy/protocol-http": "^5.3.7", "@smithy/querystring-builder": "^4.2.7", "@smithy/types": "^4.11.0", "tslib": "^2.6.2" } }, "sha512-NELpdmBOO6EpZtWgQiHjoShs1kmweaiNuETUpuup+cmm/xJYjT4eUjfhrXRP4jCOaAsS3c3yPsP3B+K+/fyPCQ=="],

    "@smithy/property-provider": ["@smithy/property-provider@4.2.7", "", { "dependencies": { "@smithy/types": "^4.11.0", "tslib": "^2.6.2" } }, "sha512-jmNYKe9MGGPoSl/D7JDDs1C8b3dC8f/w78LbaVfoTtWy4xAd5dfjaFG9c9PWPihY4ggMQNQSMtzU77CNgAJwmA=="],

    "@smithy/protocol-http": ["@smithy/protocol-http@5.3.7", "", { "dependencies": { "@smithy/types": "^4.11.0", "tslib": "^2.6.2" } }, "sha512-1r07pb994I20dD/c2seaZhoCuNYm0rWrvBxhCQ70brNh11M5Ml2ew6qJVo0lclB3jMIXirD4s2XRXRe7QEi0xA=="],

    "@smithy/querystring-builder": ["@smithy/querystring-builder@4.2.7", "", { "dependencies": { "@smithy/types": "^4.11.0", "@smithy/util-uri-escape": "^4.2.0", "tslib": "^2.6.2" } }, "sha512-eKONSywHZxK4tBxe2lXEysh8wbBdvDWiA+RIuaxZSgCMmA0zMgoDpGLJhnyj+c0leOQprVnXOmcB4m+W9Rw7sg=="],

    "@smithy/querystring-parser": ["@smithy/querystring-parser@4.2.7", "", { "dependencies": { "@smithy/types": "^4.11.0", "tslib": "^2.6.2" } }, "sha512-3X5ZvzUHmlSTHAXFlswrS6EGt8fMSIxX/c3Rm1Pni3+wYWB6cjGocmRIoqcQF9nU5OgGmL0u7l9m44tSUpfj9w=="],

    "@smithy/service-error-classification": ["@smithy/service-error-classification@4.2.7", "", { "dependencies": { "@smithy/types": "^4.11.0" } }, "sha512-YB7oCbukqEb2Dlh3340/8g8vNGbs/QsNNRms+gv3N2AtZz9/1vSBx6/6tpwQpZMEJFs7Uq8h4mmOn48ZZ72MkA=="],

    "@smithy/shared-ini-file-loader": ["@smithy/shared-ini-file-loader@4.4.2", "", { "dependencies": { "@smithy/types": "^4.11.0", "tslib": "^2.6.2" } }, "sha512-M7iUUff/KwfNunmrgtqBfvZSzh3bmFgv/j/t1Y1dQ+8dNo34br1cqVEqy6v0mYEgi0DkGO7Xig0AnuOaEGVlcg=="],

    "@smithy/signature-v4": ["@smithy/signature-v4@5.3.7", "", { "dependencies": { "@smithy/is-array-buffer": "^4.2.0", "@smithy/protocol-http": "^5.3.7", "@smithy/types": "^4.11.0", "@smithy/util-hex-encoding": "^4.2.0", "@smithy/util-middleware": "^4.2.7", "@smithy/util-uri-escape": "^4.2.0", "@smithy/util-utf8": "^4.2.0", "tslib": "^2.6.2" } }, "sha512-9oNUlqBlFZFOSdxgImA6X5GFuzE7V2H7VG/7E70cdLhidFbdtvxxt81EHgykGK5vq5D3FafH//X+Oy31j3CKOg=="],

    "@smithy/smithy-client": ["@smithy/smithy-client@4.10.2", "", { "dependencies": { "@smithy/core": "^3.20.0", "@smithy/middleware-endpoint": "^4.4.1", "@smithy/middleware-stack": "^4.2.7", "@smithy/protocol-http": "^5.3.7", "@smithy/types": "^4.11.0", "@smithy/util-stream": "^4.5.8", "tslib": "^2.6.2" } }, "sha512-D5z79xQWpgrGpAHb054Fn2CCTQZpog7JELbVQ6XAvXs5MNKWf28U9gzSBlJkOyMl9LA1TZEjRtwvGXfP0Sl90g=="],

    "@smithy/types": ["@smithy/types@4.11.0", "", { "dependencies": { "tslib": "^2.6.2" } }, "sha512-mlrmL0DRDVe3mNrjTcVcZEgkFmufITfUAPBEA+AHYiIeYyJebso/He1qLbP3PssRe22KUzLRpQSdBPbXdgZ2VA=="],

    "@smithy/url-parser": ["@smithy/url-parser@4.2.7", "", { "dependencies": { "@smithy/querystring-parser": "^4.2.7", "@smithy/types": "^4.11.0", "tslib": "^2.6.2" } }, "sha512-/RLtVsRV4uY3qPWhBDsjwahAtt3x2IsMGnP5W1b2VZIe+qgCqkLxI1UOHDZp1Q1QSOrdOR32MF3Ph2JfWT1VHg=="],

    "@smithy/util-base64": ["@smithy/util-base64@4.3.0", "", { "dependencies": { "@smithy/util-buffer-from": "^4.2.0", "@smithy/util-utf8": "^4.2.0", "tslib": "^2.6.2" } }, "sha512-GkXZ59JfyxsIwNTWFnjmFEI8kZpRNIBfxKjv09+nkAWPt/4aGaEWMM04m4sxgNVWkbt2MdSvE3KF/PfX4nFedQ=="],

    "@smithy/util-body-length-browser": ["@smithy/util-body-length-browser@4.2.0", "", { "dependencies": { "tslib": "^2.6.2" } }, "sha512-Fkoh/I76szMKJnBXWPdFkQJl2r9SjPt3cMzLdOB6eJ4Pnpas8hVoWPYemX/peO0yrrvldgCUVJqOAjUrOLjbxg=="],

    "@smithy/util-body-length-node": ["@smithy/util-body-length-node@4.2.1", "", { "dependencies": { "tslib": "^2.6.2" } }, "sha512-h53dz/pISVrVrfxV1iqXlx5pRg3V2YWFcSQyPyXZRrZoZj4R4DeWRDo1a7dd3CPTcFi3kE+98tuNyD2axyZReA=="],

    "@smithy/util-buffer-from": ["@smithy/util-buffer-from@4.2.0", "", { "dependencies": { "@smithy/is-array-buffer": "^4.2.0", "tslib": "^2.6.2" } }, "sha512-kAY9hTKulTNevM2nlRtxAG2FQ3B2OR6QIrPY3zE5LqJy1oxzmgBGsHLWTcNhWXKchgA0WHW+mZkQrng/pgcCew=="],

    "@smithy/util-config-provider": ["@smithy/util-config-provider@4.2.0", "", { "dependencies": { "tslib": "^2.6.2" } }, "sha512-YEjpl6XJ36FTKmD+kRJJWYvrHeUvm5ykaUS5xK+6oXffQPHeEM4/nXlZPe+Wu0lsgRUcNZiliYNh/y7q9c2y6Q=="],

    "@smithy/util-defaults-mode-browser": ["@smithy/util-defaults-mode-browser@4.3.16", "", { "dependencies": { "@smithy/property-provider": "^4.2.7", "@smithy/smithy-client": "^4.10.2", "@smithy/types": "^4.11.0", "tslib": "^2.6.2" } }, "sha512-/eiSP3mzY3TsvUOYMeL4EqUX6fgUOj2eUOU4rMMgVbq67TiRLyxT7Xsjxq0bW3OwuzK009qOwF0L2OgJqperAQ=="],

    "@smithy/util-defaults-mode-node": ["@smithy/util-defaults-mode-node@4.2.19", "", { "dependencies": { "@smithy/config-resolver": "^4.4.5", "@smithy/credential-provider-imds": "^4.2.7", "@smithy/node-config-provider": "^4.3.7", "@smithy/property-provider": "^4.2.7", "@smithy/smithy-client": "^4.10.2", "@smithy/types": "^4.11.0", "tslib": "^2.6.2" } }, "sha512-3a4+4mhf6VycEJyHIQLypRbiwG6aJvbQAeRAVXydMmfweEPnLLabRbdyo/Pjw8Rew9vjsh5WCdhmDaHkQnhhhA=="],

    "@smithy/util-endpoints": ["@smithy/util-endpoints@3.2.7", "", { "dependencies": { "@smithy/node-config-provider": "^4.3.7", "@smithy/types": "^4.11.0", "tslib": "^2.6.2" } }, "sha512-s4ILhyAvVqhMDYREeTS68R43B1V5aenV5q/V1QpRQJkCXib5BPRo4s7uNdzGtIKxaPHCfU/8YkvPAEvTpxgspg=="],

    "@smithy/util-hex-encoding": ["@smithy/util-hex-encoding@4.2.0", "", { "dependencies": { "tslib": "^2.6.2" } }, "sha512-CCQBwJIvXMLKxVbO88IukazJD9a4kQ9ZN7/UMGBjBcJYvatpWk+9g870El4cB8/EJxfe+k+y0GmR9CAzkF+Nbw=="],

    "@smithy/util-middleware": ["@smithy/util-middleware@4.2.7", "", { "dependencies": { "@smithy/types": "^4.11.0", "tslib": "^2.6.2" } }, "sha512-i1IkpbOae6NvIKsEeLLM9/2q4X+M90KV3oCFgWQI4q0Qz+yUZvsr+gZPdAEAtFhWQhAHpTsJO8DRJPuwVyln+w=="],

    "@smithy/util-retry": ["@smithy/util-retry@4.2.7", "", { "dependencies": { "@smithy/service-error-classification": "^4.2.7", "@smithy/types": "^4.11.0", "tslib": "^2.6.2" } }, "sha512-SvDdsQyF5CIASa4EYVT02LukPHVzAgUA4kMAuZ97QJc2BpAqZfA4PINB8/KOoCXEw9tsuv/jQjMeaHFvxdLNGg=="],

    "@smithy/util-stream": ["@smithy/util-stream@4.5.8", "", { "dependencies": { "@smithy/fetch-http-handler": "^5.3.8", "@smithy/node-http-handler": "^4.4.7", "@smithy/types": "^4.11.0", "@smithy/util-base64": "^4.3.0", "@smithy/util-buffer-from": "^4.2.0", "@smithy/util-hex-encoding": "^4.2.0", "@smithy/util-utf8": "^4.2.0", "tslib": "^2.6.2" } }, "sha512-ZnnBhTapjM0YPGUSmOs0Mcg/Gg87k503qG4zU2v/+Js2Gu+daKOJMeqcQns8ajepY8tgzzfYxl6kQyZKml6O2w=="],

    "@smithy/util-uri-escape": ["@smithy/util-uri-escape@4.2.0", "", { "dependencies": { "tslib": "^2.6.2" } }, "sha512-igZpCKV9+E/Mzrpq6YacdTQ0qTiLm85gD6N/IrmyDvQFA4UnU3d5g3m8tMT/6zG/vVkWSU+VxeUyGonL62DuxA=="],

    "@smithy/util-utf8": ["@smithy/util-utf8@4.2.0", "", { "dependencies": { "@smithy/util-buffer-from": "^4.2.0", "tslib": "^2.6.2" } }, "sha512-zBPfuzoI8xyBtR2P6WQj63Rz8i3AmfAaJLuNG8dWsfvPe8lO4aCPYLn879mEgHndZH1zQ2oXmG8O1GGzzaoZiw=="],

    "@smithy/util-waiter": ["@smithy/util-waiter@4.2.7", "", { "dependencies": { "@smithy/abort-controller": "^4.2.7", "@smithy/types": "^4.11.0", "tslib": "^2.6.2" } }, "sha512-vHJFXi9b7kUEpHWUCY3Twl+9NPOZvQ0SAi+Ewtn48mbiJk4JY9MZmKQjGB4SCvVb9WPiSphZJYY6RIbs+grrzw=="],

    "@smithy/uuid": ["@smithy/uuid@1.1.0", "", { "dependencies": { "tslib": "^2.6.2" } }, "sha512-4aUIteuyxtBUhVdiQqcDhKFitwfd9hqoSDYY2KRXiWtgoWJ9Bmise+KfEPDiVHWeJepvF8xJO9/9+WDIciMFFw=="],

    "@toolbox/aws-creds": ["@toolbox/aws-creds@workspace:packages/aws-creds"],

    "@toolbox/common": ["@toolbox/common@workspace:packages/common"],

    "@toolbox/ec2-ssm": ["@toolbox/ec2-ssm@workspace:packages/ec2-ssm"],

    "@toolbox/secrets-view": ["@toolbox/secrets-view@workspace:packages/secrets-view"],

    "@types/ini": ["@types/ini@4.1.1", "", {}, "sha512-MIyNUZipBTbyUNnhvuXJTY7B6qNI78meck9Jbv3wk0OgNwRyOOVEKDutAkOs1snB/tx0FafyR6/SN4Ps0hZPeg=="],

    "@types/node": ["@types/node@25.0.3", "", { "dependencies": { "undici-types": "~7.16.0" } }, "sha512-W609buLVRVmeW693xKfzHeIV6nJGGz98uCPfeXI1ELMLXVeKYZ9m15fAMSaUPBHYLGFsVRcMmSCksQOrZV9BYA=="],

    "bowser": ["bowser@2.13.1", "", {}, "sha512-OHawaAbjwx6rqICCKgSG0SAnT05bzd7ppyKLVUITZpANBaaMFBAsaNkto3LoQ31tyFP5kNujE8Cdx85G9VzOkw=="],

    "bun-types": ["bun-types@1.3.5", "", { "dependencies": { "@types/node": "*" } }, "sha512-inmAYe2PFLs0SUbFOWSVD24sg1jFlMPxOjOSSCYqUgn4Hsc3rDc7dFvfVYjFPNHtov6kgUeulV4SxbuIV/stPw=="],

    "fast-xml-parser": ["fast-xml-parser@5.2.5", "", { "dependencies": { "strnum": "^2.1.0" }, "bin": { "fxparser": "src/cli/cli.js" } }, "sha512-pfX9uG9Ki0yekDHx2SiuRIyFdyAr1kMIMitPvb0YBo8SUfKvia7w7FIyd/l6av85pFYRhZscS75MwMnbvY+hcQ=="],

    "ini": ["ini@5.0.0", "", {}, "sha512-+N0ngpO3e7cRUWOJAS7qw0IZIVc6XPrW4MlFBdD066F2L4k1L6ker3hLqSq7iXxU5tgS4WGkIUElWn5vogAEnw=="],

    "picocolors": ["picocolors@1.1.1", "", {}, "sha512-xceH2snhtb5M9liqDsmEw56le376mTZkEX/jEb/RxNFyegNul7eNslCXP9FDj/Lcu0X8KEyMceP2ntpaHrDEVA=="],

    "sisteransi": ["sisteransi@1.0.5", "", {}, "sha512-bLGGlR1QxBcynn2d5YmDX4MGjlZvy2MRBDRNHLJ8VI6l6+9FUiyTFNJ0IveOSP0bcXgVDPRcfGqA0pjaqUpfVg=="],

    "strnum": ["strnum@2.1.2", "", {}, "sha512-l63NF9y/cLROq/yqKXSLtcMeeyOfnSQlfMSlzFt/K73oIaD8DGaQWd7Z34X9GPiKqP5rbSh84Hl4bOlLcjiSrQ=="],

    "tslib": ["tslib@2.8.1", "", {}, "sha512-oJFu94HQb+KVduSUQL7wnpmqnfmLsOA/nAh6b6EH0wCEoK0/mPeXU6c3wKDV83MkOuHPRHtSXKKU99IBazS/2w=="],

    "undici-types": ["undici-types@7.16.0", "", {}, "sha512-Zz+aZWSj8LE6zoxD+xrjh4VfkIG8Ya6LvYkZqtUQGJPZjYl53ypCaUwWqo7eI0x66KBGeRo+mlBEkMSeSZ38Nw=="],

    "@aws-crypto/sha256-browser/@smithy/util-utf8": ["@smithy/util-utf8@2.3.0", "", { "dependencies": { "@smithy/util-buffer-from": "^2.2.0", "tslib": "^2.6.2" } }, "sha512-R8Rdn8Hy72KKcebgLiv8jQcQkXoLMOGGv5uI1/k0l+snqkOzQ1R0ChUBCxWMlBsFMekWjq0wRudIweFs7sKT5A=="],

    "@aws-crypto/util/@smithy/util-utf8": ["@smithy/util-utf8@2.3.0", "", { "dependencies": { "@smithy/util-buffer-from": "^2.2.0", "tslib": "^2.6.2" } }, "sha512-R8Rdn8Hy72KKcebgLiv8jQcQkXoLMOGGv5uI1/k0l+snqkOzQ1R0ChUBCxWMlBsFMekWjq0wRudIweFs7sKT5A=="],

    "@aws-crypto/sha256-browser/@smithy/util-utf8/@smithy/util-buffer-from": ["@smithy/util-buffer-from@2.2.0", "", { "dependencies": { "@smithy/is-array-buffer": "^2.2.0", "tslib": "^2.6.2" } }, "sha512-IJdWBbTcMQ6DA0gdNhh/BwrLkDR+ADW5Kr1aZmd4k3DIF6ezMV4R2NIAmT08wQJ3yUK82thHWmC/TnK/wpMMIA=="],

    "@aws-crypto/util/@smithy/util-utf8/@smithy/util-buffer-from": ["@smithy/util-buffer-from@2.2.0", "", { "dependencies": { "@smithy/is-array-buffer": "^2.2.0", "tslib": "^2.6.2" } }, "sha512-IJdWBbTcMQ6DA0gdNhh/BwrLkDR+ADW5Kr1aZmd4k3DIF6ezMV4R2NIAmT08wQJ3yUK82thHWmC/TnK/wpMMIA=="],

    "@aws-crypto/sha256-browser/@smithy/util-utf8/@smithy/util-buffer-from/@smithy/is-array-buffer": ["@smithy/is-array-buffer@2.2.0", "", { "dependencies": { "tslib": "^2.6.2" } }, "sha512-GGP3O9QFD24uGeAXYUjwSTXARoqpZykHadOmA8G5vfJPK0/DC67qa//0qvqrJzL1xc8WQWX7/yc7fwudjPHPhA=="],

    "@aws-crypto/util/@smithy/util-utf8/@smithy/util-buffer-from/@smithy/is-array-buffer": ["@smithy/is-array-buffer@2.2.0", "", { "dependencies": { "tslib": "^2.6.2" } }, "sha512-GGP3O9QFD24uGeAXYUjwSTXARoqpZykHadOmA8G5vfJPK0/DC67qa//0qvqrJzL1xc8WQWX7/yc7fwudjPHPhA=="],
  }
}
